{
	"name": "example-runner",
	"version": "4.3.6",
	"lockfileVersion": 3,
	"requires": true,
	"packages": {
		"": {
			"name": "example-runner",
			"version": "4.3.6",
			"dependencies": {
				"typescript": "5.3.3"
			},
			"bin": {
				"run-all-examples": "bin/run-examples",
				"run-examples": "bin/run-examples"
			}
		},
		"node_modules/typescript": {
			"version": "4.0.5",
			"resolved": "https://registry.npmjs.org/typescript/-/typescript-4.0.5.tgz",
			"integrity": "sha512-ywmr/VrTVCmNTJ6iV2LwIrfG1P+lv6luD8sUJs+2eI9NLGigaN+nUQc13iHqisq7bra9lnmUSYqbJvegraBOPQ==",
			"bin": {
				"tsc": "bin/tsc",
				"tsserver": "bin/tsserver"
			},
			"engines": {
				"node": ">=4.2.0"
			}
		}
	}
}
