{
  "name": "@fast-csv/format",
  "version": "4.0.0",
  "lockfileVersion": 1,
  "requires": true,
  "dependencies": {
    "@types/lodash": {
      "version": "4.14.149",
      "resolved": "https://registry.npmjs.org/@types/lodash/-/lodash-4.14.149.tgz",
      "integrity": "sha512-ijGqzZt/b7BfzcK9vTrS6MFljQRPn5BFWOx8oE0GYxribu6uV+aA9zZuXI1zc/etK9E8nrgdoF2+LgUw7+9tJQ==",
      "dev": true
    },
    "@types/lodash.escaperegexp": {
      "version": "4.1.6",
      "resolved": "https://registry.npmjs.org/@types/lodash.escaperegexp/-/lodash.escaperegexp-4.1.6.tgz",
      "integrity": "sha512-uENiqxLlqh6RzeE1cC6Z2gHqakToN9vKlTVCFkSVjAfeMeh2fY0916tHwJHeeKs28qB/hGYvKuampGYH5QDVCw==",
      "dev": true,
      "requires": {
        "@types/lodash": "*"
      }
    },
    "@types/lodash.isboolean": {
      "version": "3.0.6",
      "resolved": "https://registry.npmjs.org/@types/lodash.isboolean/-/lodash.isboolean-3.0.6.tgz",
      "integrity": "sha512-9ommZgIE6GlZW/GuSRIOSJP3X0FkOD2qqt8xBNqUVb/t4L62WiIGCPgIKK2PNfZem7bEZulM0djX9f8IG2Qg3Q==",
      "dev": true,
      "requires": {
        "@types/lodash": "*"
      }
    },
    "@types/lodash.isequal": {
      "version": "4.5.5",
      "resolved": "https://registry.npmjs.org/@types/lodash.isequal/-/lodash.isequal-4.5.5.tgz",
      "integrity": "sha512-4IKbinG7MGP131wRfceK6W4E/Qt3qssEFLF30LnJbjYiSfHGGRU/Io8YxXrZX109ir+iDETC8hw8QsDijukUVg==",
      "dev": true,
      "requires": {
        "@types/lodash": "*"
      }
    },
    "@types/lodash.isfunction": {
      "version": "3.0.6",
      "resolved": "https://registry.npmjs.org/@types/lodash.isfunction/-/lodash.isfunction-3.0.6.tgz",
      "integrity": "sha512-olhgKmBgzHnA5pxsOI6YHunzTBMSyBw1XjxIKFio8W+XhYiELGTt05FStE0suV0GWtlIMdn7V8M/UbYbSVdGYw==",
      "dev": true,
      "requires": {
        "@types/lodash": "*"
      }
    },
    "@types/lodash.isnil": {
      "version": "4.0.6",
      "resolved": "https://registry.npmjs.org/@types/lodash.isnil/-/lodash.isnil-4.0.6.tgz",
      "integrity": "sha512-K+9ZVqwWUFKxijX7rPGnrubfTtCQ5VwW0xgPCL5iLBBLg5sUFFXdPG3QxkpGNJil8mgttRqNLSWNweEsUrBXTg==",
      "dev": true,
      "requires": {
        "@types/lodash": "*"
      }
    },
    "lodash.escaperegexp": {
      "version": "4.1.2",
      "resolved": "https://registry.npmjs.org/lodash.escaperegexp/-/lodash.escaperegexp-4.1.2.tgz",
      "integrity": "sha1-ZHYsSGGAglGKw99Mz11YhtriA0c="
    },
    "lodash.isboolean": {
      "version": "3.0.3",
      "resolved": "https://registry.npmjs.org/lodash.isboolean/-/lodash.isboolean-3.0.3.tgz",
      "integrity": "sha1-bC4XHbKiV82WgC/UOwGyDV9YcPY="
    },
    "lodash.isequal": {
      "version": "4.5.0",
      "resolved": "https://registry.npmjs.org/lodash.isequal/-/lodash.isequal-4.5.0.tgz",
      "integrity": "sha1-QVxEePK8wwEgwizhDtMib30+GOA="
    },
    "lodash.isfunction": {
      "version": "3.0.9",
      "resolved": "https://registry.npmjs.org/lodash.isfunction/-/lodash.isfunction-3.0.9.tgz",
      "integrity": "sha512-AirXNj15uRIMMPihnkInB4i3NHeb4iBtNg9WRWuK2o31S+ePwwNmDPaTL3o7dTJ+VXNZim7rFs4rxN4YU1oUJw=="
    },
    "lodash.isnil": {
      "version": "4.0.0",
      "resolved": "https://registry.npmjs.org/lodash.isnil/-/lodash.isnil-4.0.0.tgz",
      "integrity": "sha1-SeKM1VkBNFjIFMVHnTxmOiG/qmw="
    }
  }
}
