{
	"name": "@fast-csv/formatting-ts-examples",
	"version": "4.3.6",
	"lockfileVersion": 3,
	"requires": true,
	"packages": {
		"": {
			"name": "@fast-csv/formatting-ts-examples",
			"version": "4.3.6",
			"dependencies": {
				"typescript": "5.3.3"
			}
		},
		"../../packages/format": {
			"name": "@fast-csv/format",
			"version": "4.3.5",
			"extraneous": true,
			"license": "MIT",
			"dependencies": {
				"@types/node": "^20.10.5",
				"lodash.escaperegexp": "^4.1.2",
				"lodash.isboolean": "^3.0.3",
				"lodash.isequal": "^4.5.0",
				"lodash.isfunction": "^3.0.9",
				"lodash.isnil": "^4.0.0"
			},
			"devDependencies": {
				"@types/lodash.escaperegexp": "4.1.9",
				"@types/lodash.isboolean": "3.0.9",
				"@types/lodash.isequal": "4.5.8",
				"@types/lodash.isfunction": "3.0.9",
				"@types/lodash.isnil": "4.0.9"
			}
		},
		"../example-runner": {
			"version": "4.3.6",
			"extraneous": true,
			"dependencies": {
				"typescript": "5.3.3"
			},
			"bin": {
				"run-all-examples": "bin/run-examples",
				"run-examples": "bin/run-examples"
			}
		},
		"node_modules/typescript": {
			"version": "4.0.5",
			"resolved": "https://registry.npmjs.org/typescript/-/typescript-4.0.5.tgz",
			"integrity": "sha512-ywmr/VrTVCmNTJ6iV2LwIrfG1P+lv6luD8sUJs+2eI9NLGigaN+nUQc13iHqisq7bra9lnmUSYqbJvegraBOPQ==",
			"bin": {
				"tsc": "bin/tsc",
				"tsserver": "bin/tsserver"
			},
			"engines": {
				"node": ">=4.2.0"
			}
		}
	}
}
